
Microsoft Visual Studio Solution File, Format Version 12.00
# Visual Studio Version 17
VisualStudioVersion = 17.14.36408.4 d17.14
MinimumVisualStudioVersion = 10.0.40219.1
Project("{FAE04EC0-301F-11D3-BF4B-00C04F79EFBC}") = "ViewModelAspCore", "ViewModelAspCore\ViewModelAspCore.csproj", "{FABB65BA-9D05-470A-BA4C-44D56273063F}"
EndProject
Global
	GlobalSection(SolutionConfigurationPlatforms) = preSolution
		Debug|Any CPU = Debug|Any CPU
		Release|Any CPU = Release|Any CPU
	EndGlobalSection
	GlobalSection(ProjectConfigurationPlatforms) = postSolution
		{FABB65BA-9D05-470A-BA4C-44D56273063F}.Debug|Any CPU.ActiveCfg = Debug|Any CPU
		{FABB65BA-9D05-470A-BA4C-44D56273063F}.Debug|Any CPU.Build.0 = Debug|Any CPU
		{FABB65BA-9D05-470A-BA4C-44D56273063F}.Release|Any CPU.ActiveCfg = Release|Any CPU
		{FABB65BA-9D05-470A-BA4C-44D56273063F}.Release|Any CPU.Build.0 = Release|Any CPU
	EndGlobalSection
	GlobalSection(SolutionProperties) = preSolution
		HideSolutionNode = FALSE
	EndGlobalSection
	GlobalSection(ExtensibilityGlobals) = postSolution
		SolutionGuid = {25055EFB-A4DD-4138-B15B-D2D05536C1DA}
	EndGlobalSection
EndGlobal
